
Microsoft Visual Studio Solution File, Format Version 12.00
# Visual Studio Version 17
VisualStudioVersion = 17.8.34309.116
MinimumVisualStudioVersion = 10.0.40219.1
Project("{FAE04EC0-301F-11D3-BF4B-00C04F79EFBC}") = "OpenClosed", "OpenClosed\OpenClosed.csproj", "{C6F0B8C6-9AE1-43C5-B667-B235080AF4B2}"
EndProject
Project("{FAE04EC0-301F-11D3-BF4B-00C04F79EFBC}") = "InterfaceSegregation", "InterfaceSegregation\InterfaceSegregation.csproj", "{41F9B4CC-DAEA-47BE-B7B0-53DF0BC9B8E7}"
EndProject
Project("{FAE04EC0-301F-11D3-BF4B-00C04F79EFBC}") = "Liskov", "Liskov\Liskov.csproj", "{CA3C3831-29F3-4A2C-845E-2681DDE1CE43}"
EndProject
Global
	GlobalSection(SolutionConfigurationPlatforms) = preSolution
		Debug|Any CPU = Debug|Any CPU
		Release|Any CPU = Release|Any CPU
	EndGlobalSection
	GlobalSection(ProjectConfigurationPlatforms) = postSolution
		{C6F0B8C6-9AE1-43C5-B667-B235080AF4B2}.Debug|Any CPU.ActiveCfg = Debug|Any CPU
		{C6F0B8C6-9AE1-43C5-B667-B235080AF4B2}.Debug|Any CPU.Build.0 = Debug|Any CPU
		{C6F0B8C6-9AE1-43C5-B667-B235080AF4B2}.Release|Any CPU.ActiveCfg = Release|Any CPU
		{C6F0B8C6-9AE1-43C5-B667-B235080AF4B2}.Release|Any CPU.Build.0 = Release|Any CPU
		{41F9B4CC-DAEA-47BE-B7B0-53DF0BC9B8E7}.Debug|Any CPU.ActiveCfg = Debug|Any CPU
		{41F9B4CC-DAEA-47BE-B7B0-53DF0BC9B8E7}.Debug|Any CPU.Build.0 = Debug|Any CPU
		{41F9B4CC-DAEA-47BE-B7B0-53DF0BC9B8E7}.Release|Any CPU.ActiveCfg = Release|Any CPU
		{41F9B4CC-DAEA-47BE-B7B0-53DF0BC9B8E7}.Release|Any CPU.Build.0 = Release|Any CPU
		{CA3C3831-29F3-4A2C-845E-2681DDE1CE43}.Debug|Any CPU.ActiveCfg = Debug|Any CPU
		{CA3C3831-29F3-4A2C-845E-2681DDE1CE43}.Debug|Any CPU.Build.0 = Debug|Any CPU
		{CA3C3831-29F3-4A2C-845E-2681DDE1CE43}.Release|Any CPU.ActiveCfg = Release|Any CPU
		{CA3C3831-29F3-4A2C-845E-2681DDE1CE43}.Release|Any CPU.Build.0 = Release|Any CPU
	EndGlobalSection
	GlobalSection(SolutionProperties) = preSolution
		HideSolutionNode = FALSE
	EndGlobalSection
	GlobalSection(ExtensibilityGlobals) = postSolution
		SolutionGuid = {7F24B905-1DF3-49CC-85C5-6117783BAC33}
	EndGlobalSection
EndGlobal
